{
  "name": "semasim-daemon",
  "version": "0.1.0",
  "lockfileVersion": 1,
  "requires": true,
  "dependencies": {
    "@types/colors": {
      "version": "1.1.3",
      "resolved": "https://registry.npmjs.org/@types/colors/-/colors-1.1.3.tgz",
      "integrity": "sha1-VBOwp6GxbdGL4OP9V9L+7Mgcx3Y=",
      "dev": true
    },
    "@types/debug": {
      "version": "0.0.29",
      "resolved": "https://registry.npmjs.org/@types/debug/-/debug-0.0.29.tgz",
      "integrity": "sha1-oeUUrfvZLwOiJLpU1pMRHb8fN1Q=",
      "dev": true
    },
    "@types/js-base64": {
      "version": "2.1.5",
      "resolved": "https://registry.npmjs.org/@types/js-base64/-/js-base64-2.1.5.tgz",
      "integrity": "sha1-MbbTamakxZrj8xteFr/WuDKm60E=",
      "dev": true
    },
    "@types/md5": {
      "version": "2.1.32",
      "resolved": "https://registry.npmjs.org/@types/md5/-/md5-2.1.32.tgz",
      "integrity": "sha1-k+I0N/zRenucqY0CqmAC6DWEL+g=",
      "dev": true,
      "requires": {
        "@types/node": "4.2.12"
      }
    },
    "@types/mysql": {
      "version": "0.0.32",
      "resolved": "https://registry.npmjs.org/@types/mysql/-/mysql-0.0.32.tgz",
      "integrity": "sha1-NOlj2yPDHTcQyS4qNQLdPL/5Xvw=",
      "dev": true,
      "requires": {
        "@types/node": "4.2.12"
      }
    },
    "@types/node": {
      "version": "4.2.12",
      "resolved": "https://registry.npmjs.org/@types/node/-/node-4.2.12.tgz",
      "integrity": "sha512-ikHs3YwKEwrq/v2uuAaQqa/LplwCEGstAzMCyt7zDY+ESSKoUuvc5a8Pq8deuD35knbJ5TsLaNraeYZiY7n3UQ==",
      "dev": true
    },
    "asterisk-manager": {
      "version": "0.1.16",
      "resolved": "https://registry.npmjs.org/asterisk-manager/-/asterisk-manager-0.1.16.tgz",
      "integrity": "sha512-JxcgSutGhz6B2XtYkqkOI/sRH3hCGHmeNXuqNBw1JMtDMrRzpfuXB0keH4ouRtQPxdb2LIj83RWdR5uVnFim9A=="
    },
    "bignumber.js": {
      "version": "3.1.2",
      "resolved": "https://registry.npmjs.org/bignumber.js/-/bignumber.js-3.1.2.tgz",
      "integrity": "sha1-8725mtUmihX8HwvtL7AY4mk/4jY="
    },
    "chan-dongle-extended-client": {
      "version": "github:garronej/chan-dongle-extended-client#2eed3e27883cf42d95a93dad46a67abf13bef2bb",
      "requires": {
        "js-base64": "2.1.9",
        "rejection-tracker": "github:garronej/rejection-tracker#8bea020baa72fc55bb915227f5386643845418dd",
        "ts-ami": "github:garronej/ts-ami#6a4253eda824665855997df26a5200c82f1f9099",
        "ts-events-extended": "github:garronej/ts-events-extended#c95301316f3958851bd864674648046790f3ea34"
      }
    },
    "charenc": {
      "version": "0.0.2",
      "resolved": "https://registry.npmjs.org/charenc/-/charenc-0.0.2.tgz",
      "integrity": "sha1-wKHS86cJLgN3S/qD8UwPxXkKhmc="
    },
    "colors": {
      "version": "1.1.2",
      "resolved": "https://registry.npmjs.org/colors/-/colors-1.1.2.tgz",
      "integrity": "sha1-FopHAXVran9RoSzgyXv6KMCE7WM="
    },
    "core-util-is": {
      "version": "1.0.2",
      "resolved": "https://registry.npmjs.org/core-util-is/-/core-util-is-1.0.2.tgz",
      "integrity": "sha1-tf1UIgqivFq1eqtxQMlAdUUDwac="
    },
    "crypt": {
      "version": "0.0.2",
      "resolved": "https://registry.npmjs.org/crypt/-/crypt-0.0.2.tgz",
      "integrity": "sha1-iNf/fsDfuG9xPch7u0LQRNPmxBs="
    },
    "debug": {
      "version": "2.6.8",
      "resolved": "https://registry.npmjs.org/debug/-/debug-2.6.8.tgz",
      "integrity": "sha1-5zFTHKLt4n0YgiJCfaF4IdaP9Pw=",
      "requires": {
        "ms": "2.0.0"
      }
    },
    "inherits": {
      "version": "2.0.3",
      "resolved": "https://registry.npmjs.org/inherits/-/inherits-2.0.3.tgz",
      "integrity": "sha1-Yzwsg+PaQqUC9SRmAiSA9CCCYd4="
    },
    "ini": {
      "version": "1.3.4",
      "resolved": "https://registry.npmjs.org/ini/-/ini-1.3.4.tgz",
      "integrity": "sha1-BTfLedr1m1mhpRff9wbIbsA5Fi4="
    },
    "ini-extended": {
      "version": "github:garronej/ini-extended#d847d567ac6c042498a6766bdc47ff17d2562c24",
      "requires": {
        "ini": "1.3.4"
      }
    },
    "is-buffer": {
      "version": "1.1.5",
      "resolved": "https://registry.npmjs.org/is-buffer/-/is-buffer-1.1.5.tgz",
      "integrity": "sha1-Hzsm72E7IUuIy8ojzGwB2Hlh7sw="
    },
    "isarray": {
      "version": "0.0.1",
      "resolved": "https://registry.npmjs.org/isarray/-/isarray-0.0.1.tgz",
      "integrity": "sha1-ihis/Kmo9Bd+Cav8YDiTmwXR7t8="
    },
    "js-base64": {
      "version": "2.1.9",
      "resolved": "https://registry.npmjs.org/js-base64/-/js-base64-2.1.9.tgz",
      "integrity": "sha1-8OgK4DmkvWVLXygfyT8EqRSn/M4="
    },
    "md5": {
      "version": "2.2.1",
      "resolved": "https://registry.npmjs.org/md5/-/md5-2.2.1.tgz",
      "integrity": "sha1-U6s41f48iJG6RlMp6iP6wFQBJvk=",
      "requires": {
        "charenc": "0.0.2",
        "crypt": "0.0.2",
        "is-buffer": "1.1.5"
      }
    },
    "ms": {
      "version": "2.0.0",
      "resolved": "https://registry.npmjs.org/ms/-/ms-2.0.0.tgz",
      "integrity": "sha1-VgiurfwAvmwpAd9fmGF4jeDVl8g="
    },
    "mysql": {
      "version": "2.13.0",
      "resolved": "https://registry.npmjs.org/mysql/-/mysql-2.13.0.tgz",
      "integrity": "sha1-mY8fjKRuLj3XFJzpgkE2U5hqrkc=",
      "requires": {
        "bignumber.js": "3.1.2",
        "readable-stream": "1.1.14",
        "sqlstring": "2.2.0"
      }
    },
    "readable-stream": {
      "version": "1.1.14",
      "resolved": "https://registry.npmjs.org/readable-stream/-/readable-stream-1.1.14.tgz",
      "integrity": "sha1-fPTFTvZI44EwhMY23SB54WbAgdk=",
      "requires": {
        "core-util-is": "1.0.2",
        "inherits": "2.0.3",
        "isarray": "0.0.1",
        "string_decoder": "0.10.31"
      }
    },
    "rejection-tracker": {
      "version": "github:garronej/rejection-tracker#8bea020baa72fc55bb915227f5386643845418dd",
      "requires": {
        "colors": "1.1.2",
        "stack-trace": "0.0.9"
      }
    },
    "sip": {
      "version": "github:garronej/sip.js#fc47cfc098aea40d0f61353267e2be4e441340d1",
      "requires": {
        "uws": "8.14.0"
      }
    },
    "sprintf-js": {
      "version": "1.1.1",
      "resolved": "https://registry.npmjs.org/sprintf-js/-/sprintf-js-1.1.1.tgz",
      "integrity": "sha1-Nr54Mgr+WAH2zqPueLblqrlA6gw="
    },
    "sqlstring": {
      "version": "2.2.0",
      "resolved": "https://registry.npmjs.org/sqlstring/-/sqlstring-2.2.0.tgz",
      "integrity": "sha1-wxNcTqirzX5+50GklmqJHYak8ZE="
    },
    "stack-trace": {
      "version": "0.0.9",
      "resolved": "https://registry.npmjs.org/stack-trace/-/stack-trace-0.0.9.tgz",
      "integrity": "sha1-qPbq7KkGdMMz58Q5U/J1tFFRBpU="
    },
    "string_decoder": {
      "version": "0.10.31",
      "resolved": "https://registry.npmjs.org/string_decoder/-/string_decoder-0.10.31.tgz",
      "integrity": "sha1-YuIDvEF2bGwoyfyEMB2rHFMQ+pQ="
    },
    "ts-ami": {
      "version": "github:garronej/ts-ami#6a4253eda824665855997df26a5200c82f1f9099",
      "requires": {
        "asterisk-manager": "0.1.16",
        "ini-extended": "github:garronej/ini-extended#d847d567ac6c042498a6766bdc47ff17d2562c24",
        "rejection-tracker": "github:garronej/rejection-tracker#8bea020baa72fc55bb915227f5386643845418dd",
        "ts-events-extended": "github:garronej/ts-events-extended#c95301316f3958851bd864674648046790f3ea34"
      }
    },
    "ts-async-agi": {
      "version": "github:garronej/ts-async-agi#aebb67d856fafe78c945f422a9af2483b0b6b14f",
      "requires": {
        "sprintf-js": "1.1.1"
      }
    },
    "ts-events-extended": {
      "version": "github:garronej/ts-events-extended#c95301316f3958851bd864674648046790f3ea34",
      "requires": {
        "rejection-tracker": "github:garronej/rejection-tracker#8bea020baa72fc55bb915227f5386643845418dd",
        "ts-exec-queue": "github:garronej/ts-exec-queue#441f48edc82ddeb348e53eb1f704087c05dc7466"
      }
    },
    "ts-exec-queue": {
      "version": "github:garronej/ts-exec-queue#441f48edc82ddeb348e53eb1f704087c05dc7466",
      "requires": {
        "rejection-tracker": "github:garronej/rejection-tracker#8bea020baa72fc55bb915227f5386643845418dd"
      }
    },
    "typescript": {
      "version": "2.4.1",
      "resolved": "https://registry.npmjs.org/typescript/-/typescript-2.4.1.tgz",
      "integrity": "sha1-w8yxbdqgsjFN4DHn5v7onlujRrw=",
      "dev": true
    },
    "uws": {
      "version": "8.14.0",
      "resolved": "https://registry.npmjs.org/uws/-/uws-8.14.0.tgz",
      "integrity": "sha1-rMFIjRPssj/i+UKn6vsGaB+pFDE="
    }
  }
}
